
Microsoft Visual Studio Solution File, Format Version 12.00
# Visual Studio Version 17
VisualStudioVersion = 17.13.35931.197 d17.13
MinimumVisualStudioVersion = 10.0.40219.1
Project("{FAE04EC0-301F-11D3-BF4B-00C04F79EFBC}") = "Mf_Dev_BackEnd", "Mf_Dev_BackEnd\Mf_Dev_BackEnd.csproj", "{7B33F22D-0958-422C-A37D-1653DBD886AE}"
EndProject
Global
	GlobalSection(SolutionConfigurationPlatforms) = preSolution
		Debug|Any CPU = Debug|Any CPU
		Release|Any CPU = Release|Any CPU
	EndGlobalSection
	GlobalSection(ProjectConfigurationPlatforms) = postSolution
		{7B33F22D-0958-422C-A37D-1653DBD886AE}.Debug|Any CPU.ActiveCfg = Debug|Any CPU
		{7B33F22D-0958-422C-A37D-1653DBD886AE}.Debug|Any CPU.Build.0 = Debug|Any CPU
		{7B33F22D-0958-422C-A37D-1653DBD886AE}.Release|Any CPU.ActiveCfg = Release|Any CPU
		{7B33F22D-0958-422C-A37D-1653DBD886AE}.Release|Any CPU.Build.0 = Release|Any CPU
	EndGlobalSection
	GlobalSection(SolutionProperties) = preSolution
		HideSolutionNode = FALSE
	EndGlobalSection
	GlobalSection(ExtensibilityGlobals) = postSolution
		SolutionGuid = {D68724CA-3DFC-432B-B8B7-F952B0F03A16}
	EndGlobalSection
EndGlobal
